
Microsoft Visual Studio Solution File, Format Version 12.00
# Visual Studio Version 16
VisualStudioVersion = 16.0.30204.135
MinimumVisualStudioVersion = 10.0.40219.1
Project("{FAE04EC0-301F-11D3-BF4B-00C04F79EFBC}") = "Slave", "Slave.csproj", "{1D5ACB95-664B-4DAE-8474-7769BBB76682}"
EndProject
Global
	GlobalSection(SolutionConfigurationPlatforms) = preSolution
		Debug|Any CPU = Debug|Any CPU
		Release|Any CPU = Release|Any CPU
	EndGlobalSection
	GlobalSection(ProjectConfigurationPlatforms) = postSolution
		{1D5ACB95-664B-4DAE-8474-7769BBB76682}.Debug|Any CPU.ActiveCfg = Debug|Any CPU
		{1D5ACB95-664B-4DAE-8474-7769BBB76682}.Debug|Any CPU.Build.0 = Debug|Any CPU
		{1D5ACB95-664B-4DAE-8474-7769BBB76682}.Release|Any CPU.ActiveCfg = Release|Any CPU
		{1D5ACB95-664B-4DAE-8474-7769BBB76682}.Release|Any CPU.Build.0 = Release|Any CPU
	EndGlobalSection
	GlobalSection(SolutionProperties) = preSolution
		HideSolutionNode = FALSE
	EndGlobalSection
	GlobalSection(ExtensibilityGlobals) = postSolution
		SolutionGuid = {D190DB74-34CA-40A4-B138-CC34F984BDC1}
	EndGlobalSection
EndGlobal
